dependencies:
  notionapi-agent: 0.3.0
  notionast-util-from-notionapi: 0.1.2
  notionast-util-to-html: github.com/dragonman225/notionast-util-to-html/b0ea92521d95cef850e87cb3c24272312fd33632
lockfileVersion: 5.1
packages:
  /@dnpr/make-request/0.1.0:
    dev: false
    resolution:
      integrity: sha512-9pSiJJXrk7RtLu0nF7vxxBjRB7ibuBZ8l4Ha/u/dOGgk4X2biFHbWIjW2t+IcirgiDkhkSHqta6J5S1Lt2EvlA==
  /notionapi-agent/0.3.0:
    dependencies:
      '@dnpr/make-request': 0.1.0
    dev: false
    resolution:
      integrity: sha512-WGY0J2Amfqc/V5DM2lXzGnLd86x5P759a2TmklLXhhPbPlx0Ll6N8kWbkt+iZbKPpmUuOT5erEAwUTJtl8nBSw==
  /notionast-util-from-notionapi/0.1.2:
    dev: false
    resolution:
      integrity: sha512-tx0odc7CNejzI33IyXmzsX9QraoFEZBbRz53NC52OxYMvPBywErMxCLv72tY4qzn5+gFfw/B/wI7tg1tq47ZaA==
  github.com/dragonman225/notionast-util-to-html/b0ea92521d95cef850e87cb3c24272312fd33632:
    dev: false
    name: notionast-util-to-html
    resolution:
      tarball: 'https://codeload.github.com/dragonman225/notionast-util-to-html/tar.gz/b0ea92521d95cef850e87cb3c24272312fd33632'
    version: 0.0.1
specifiers:
  notionapi-agent: ~0.3.0
  notionast-util-from-notionapi: ~0.1.2
  notionast-util-to-html: 'github:dragonman225/notionast-util-to-html'
