dependencies:
  notionapi-agent: 0.4.0
  notionast-util-from-notionapi: 0.2.0
  notionast-util-to-html: 0.0.6
lockfileVersion: 5.1
packages:
  /@dnpr/make-request/0.1.0:
    dev: false
    resolution:
      integrity: sha512-9pSiJJXrk7RtLu0nF7vxxBjRB7ibuBZ8l4Ha/u/dOGgk4X2biFHbWIjW2t+IcirgiDkhkSHqta6J5S1Lt2EvlA==
  /notionapi-agent/0.4.0:
    dependencies:
      '@dnpr/make-request': 0.1.0
    dev: false
    resolution:
      integrity: sha512-a85VocKWkrQ1UydCMCUy2tlKwK7LVJel66SmKSBij6lMa4E8DwDGrZBRRkLqB1qeIY/NdF+35AkjjPXyr9f0CA==
  /notionast-util-from-notionapi/0.2.0:
    dev: false
    resolution:
      integrity: sha512-qY/rdQPwJioGWncsBpwqNnQ3AtEhSHSXsELKE57q8kdphJommfY8Nak3PqrC5kX7ZCPTr1iA861/Bn5BIan5Bw==
  /notionast-util-to-html/0.0.6:
    dev: false
    resolution:
      integrity: sha512-fWrZbgyusd5ttFZW7RQTP5dOT6M6+mlFjfYmTEqOBEugDnfkltTcWWjeK2UoBc9f1sdY1Iwh3mY7XU5QPDPfiw==
specifiers:
  notionapi-agent: ~0.4.0
  notionast-util-from-notionapi: ~0.2.0
  notionast-util-to-html: 0.0.6
