dependencies:
  notionapi-agent: 0.4.0
  notionast-util-from-notionapi: 0.1.3
  notionast-util-to-html: github.com/dragonman225/notionast-util-to-html/fda95986faad5d314a921c5f445a97c57136e4bb
lockfileVersion: 5.1
packages:
  /@dnpr/make-request/0.1.0:
    dev: false
    resolution:
      integrity: sha512-9pSiJJXrk7RtLu0nF7vxxBjRB7ibuBZ8l4Ha/u/dOGgk4X2biFHbWIjW2t+IcirgiDkhkSHqta6J5S1Lt2EvlA==
  /notionapi-agent/0.4.0:
    dependencies:
      '@dnpr/make-request': 0.1.0
    dev: false
    resolution:
      integrity: sha512-a85VocKWkrQ1UydCMCUy2tlKwK7LVJel66SmKSBij6lMa4E8DwDGrZBRRkLqB1qeIY/NdF+35AkjjPXyr9f0CA==
  /notionast-util-from-notionapi/0.1.3:
    dev: false
    resolution:
      integrity: sha512-W91ubTd1bZ0N6JsenUhG8Ag4lW2EwSHuwZdhQRYbijlP1ogNvy+AwySEPVXBAAGYJ97w6kcApWLDnH9WTsX6fQ==
  github.com/dragonman225/notionast-util-to-html/fda95986faad5d314a921c5f445a97c57136e4bb:
    dev: false
    name: notionast-util-to-html
    resolution:
      tarball: 'https://codeload.github.com/dragonman225/notionast-util-to-html/tar.gz/fda95986faad5d314a921c5f445a97c57136e4bb'
    version: 0.0.3
specifiers:
  notionapi-agent: ~0.4.0
  notionast-util-from-notionapi: ~0.1.3
  notionast-util-to-html: 'github:dragonman225/notionast-util-to-html'
